
Microsoft Visual Studio Solution File, Format Version 12.00
Project("{FAE04EC0-301F-11D3-BF4B-00C04F79EFBC}") = "LinearDimension", "LinearDimension\LinearDimension.csproj", "{B02F854D-5CAD-451F-AA6A-35D4B59D856B}"
EndProject
Global
	GlobalSection(SolutionConfigurationPlatforms) = preSolution
		Debug|Any CPU = Debug|Any CPU
		Release|Any CPU = Release|Any CPU
	EndGlobalSection
	GlobalSection(ProjectConfigurationPlatforms) = postSolution
		{B02F854D-5CAD-451F-AA6A-35D4B59D856B}.Debug|Any CPU.ActiveCfg = Debug|Any CPU
		{B02F854D-5CAD-451F-AA6A-35D4B59D856B}.Debug|Any CPU.Build.0 = Debug|Any CPU
		{B02F854D-5CAD-451F-AA6A-35D4B59D856B}.Release|Any CPU.ActiveCfg = Release|Any CPU
		{B02F854D-5CAD-451F-AA6A-35D4B59D856B}.Release|Any CPU.Build.0 = Release|Any CPU
	EndGlobalSection
EndGlobal
